// !$*UTF8*$!
{
	archiveVersion = 1;
	classes = {
	};
	objectVersion = 46;
	objects = {

/* Begin PBXBuildFile section */
		331F079318CEF3F600F68CDF /* Foundation.framework in Frameworks */ = {isa = PBXBuildFile; fileRef = 331F079218CEF3F600F68CDF /* Foundation.framework */; };
		331F079518CEF3F600F68CDF /* CoreGraphics.framework in Frameworks */ = {isa = PBXBuildFile; fileRef = 331F079418CEF3F600F68CDF /* CoreGraphics.framework */; };
		331F079718CEF3F600F68CDF /* UIKit.framework in Frameworks */ = {isa = PBXBuildFile; fileRef = 331F079618CEF3F600F68CDF /* UIKit.framework */; };
		331F079D18CEF3F600F68CDF /* InfoPlist.strings in Resources */ = {isa = PBXBuildFile; fileRef = 331F079B18CEF3F600F68CDF /* InfoPlist.strings */; };
		331F079F18CEF3F600F68CDF /* main.m in Sources */ = {isa = PBXBuildFile; fileRef = 331F079E18CEF3F600F68CDF /* main.m */; };
		331F07A318CEF3F600F68CDF /* AppDelegate.m in Sources */ = {isa = PBXBuildFile; fileRef = 331F07A218CEF3F600F68CDF /* AppDelegate.m */; };
		331F07A618CEF3F600F68CDF /* Main_iPhone.storyboard in Resources */ = {isa = PBXBuildFile; fileRef = 331F07A418CEF3F600F68CDF /* Main_iPhone.storyboard */; };
		331F07A918CEF3F600F68CDF /* Main_iPad.storyboard in Resources */ = {isa = PBXBuildFile; fileRef = 331F07A718CEF3F600F68CDF /* Main_iPad.storyboard */; };
		331F07AC18CEF3F600F68CDF /* ViewController.m in Sources */ = {isa = PBXBuildFile; fileRef = 331F07AB18CEF3F600F68CDF /* ViewController.m */; };
		331F07AE18CEF3F600F68CDF /* Images.xcassets in Resources */ = {isa = PBXBuildFile; fileRef = 331F07AD18CEF3F600F68CDF /* Images.xcassets */; };
		331F07B518CEF3F600F68CDF /* XCTest.framework in Frameworks */ = {isa = PBXBuildFile; fileRef = 331F07B418CEF3F600F68CDF /* XCTest.framework */; };
		331F07B618CEF3F600F68CDF /* Foundation.framework in Frameworks */ = {isa = PBXBuildFile; fileRef = 331F079218CEF3F600F68CDF /* Foundation.framework */; };
		331F07B718CEF3F600F68CDF /* UIKit.framework in Frameworks */ = {isa = PBXBuildFile; fileRef = 331F079618CEF3F600F68CDF /* UIKit.framework */; };
		331F07BF18CEF3F600F68CDF /* InfoPlist.strings in Resources */ = {isa = PBXBuildFile; fileRef = 331F07BD18CEF3F600F68CDF /* InfoPlist.strings */; };
		331F07C118CEF3F600F68CDF /* StaticTableViewTests.m in Sources */ = {isa = PBXBuildFile; fileRef = 331F07C018CEF3F600F68CDF /* StaticTableViewTests.m */; };
		331F07CC18CEFBD100F68CDF /* SettingsViewController.m in Sources */ = {isa = PBXBuildFile; fileRef = 331F07CB18CEFBD100F68CDF /* SettingsViewController.m */; };
/* End PBXBuildFile section */

/* Begin PBXContainerItemProxy section */
		331F07B818CEF3F600F68CDF /* PBXContainerItemProxy */ = {
			isa = PBXContainerItemProxy;
			containerPortal = 331F078718CEF3F600F68CDF /* Project object */;
			proxyType = 1;
			remoteGlobalIDString = 331F078E18CEF3F600F68CDF;
			remoteInfo = StaticTableView;
		};
/* End PBXContainerItemProxy section */

/* Begin PBXFileReference section */
		331F078F18CEF3F600F68CDF /* StaticTableView.app */ = {isa = PBXFileReference; explicitFileType = wrapper.application; includeInIndex = 0; path = StaticTableView.app; sourceTree = BUILT_PRODUCTS_DIR; };
		331F079218CEF3F600F68CDF /* Foundation.framework */ = {isa = PBXFileReference; lastKnownFileType = wrapper.framework; name = Foundation.framework; path = System/Library/Frameworks/Foundation.framework; sourceTree = SDKROOT; };
		331F079418CEF3F600F68CDF /* CoreGraphics.framework */ = {isa = PBXFileReference; lastKnownFileType = wrapper.framework; name = CoreGraphics.framework; path = System/Library/Frameworks/CoreGraphics.framework; sourceTree = SDKROOT; };
		331F079618CEF3F600F68CDF /* UIKit.framework */ = {isa = PBXFileReference; lastKnownFileType = wrapper.framework; name = UIKit.framework; path = System/Library/Frameworks/UIKit.framework; sourceTree = SDKROOT; };
		331F079A18CEF3F600F68CDF /* StaticTableView-Info.plist */ = {isa = PBXFileReference; lastKnownFileType = text.plist.xml; path = "StaticTableView-Info.plist"; sourceTree = "<group>"; };
		331F079C18CEF3F600F68CDF /* en */ = {isa = PBXFileReference; lastKnownFileType = text.plist.strings; name = en; path = en.lproj/InfoPlist.strings; sourceTree = "<group>"; };
		331F079E18CEF3F600F68CDF /* main.m */ = {isa = PBXFileReference; lastKnownFileType = sourcecode.c.objc; path = main.m; sourceTree = "<group>"; };
		331F07A018CEF3F600F68CDF /* StaticTableView-Prefix.pch */ = {isa = PBXFileReference; lastKnownFileType = sourcecode.c.h; path = "StaticTableView-Prefix.pch"; sourceTree = "<group>"; };
		331F07A118CEF3F600F68CDF /* AppDelegate.h */ = {isa = PBXFileReference; lastKnownFileType = sourcecode.c.h; path = AppDelegate.h; sourceTree = "<group>"; };
		331F07A218CEF3F600F68CDF /* AppDelegate.m */ = {isa = PBXFileReference; lastKnownFileType = sourcecode.c.objc; path = AppDelegate.m; sourceTree = "<group>"; };
		331F07A518CEF3F600F68CDF /* Base */ = {isa = PBXFileReference; lastKnownFileType = file.storyboard; name = Base; path = Base.lproj/Main_iPhone.storyboard; sourceTree = "<group>"; };
		331F07A818CEF3F600F68CDF /* Base */ = {isa = PBXFileReference; lastKnownFileType = file.storyboard; name = Base; path = Base.lproj/Main_iPad.storyboard; sourceTree = "<group>"; };
		331F07AA18CEF3F600F68CDF /* ViewController.h */ = {isa = PBXFileReference; lastKnownFileType = sourcecode.c.h; path = ViewController.h; sourceTree = "<group>"; };
		331F07AB18CEF3F600F68CDF /* ViewController.m */ = {isa = PBXFileReference; lastKnownFileType = sourcecode.c.objc; path = ViewController.m; sourceTree = "<group>"; };
		331F07AD18CEF3F600F68CDF /* Images.xcassets */ = {isa = PBXFileReference; lastKnownFileType = folder.assetcatalog; path = Images.xcassets; sourceTree = "<group>"; };
		331F07B318CEF3F600F68CDF /* StaticTableViewTests.xctest */ = {isa = PBXFileReference; explicitFileType = wrapper.cfbundle; includeInIndex = 0; path = StaticTableViewTests.xctest; sourceTree = BUILT_PRODUCTS_DIR; };
		331F07B418CEF3F600F68CDF /* XCTest.framework */ = {isa = PBXFileReference; lastKnownFileType = wrapper.framework; name = XCTest.framework; path = Library/Frameworks/XCTest.framework; sourceTree = DEVELOPER_DIR; };
		331F07BC18CEF3F600F68CDF /* StaticTableViewTests-Info.plist */ = {isa = PBXFileReference; lastKnownFileType = text.plist.xml; path = "StaticTableViewTests-Info.plist"; sourceTree = "<group>"; };
		331F07BE18CEF3F600F68CDF /* en */ = {isa = PBXFileReference; lastKnownFileType = text.plist.strings; name = en; path = en.lproj/InfoPlist.strings; sourceTree = "<group>"; };
		331F07C018CEF3F600F68CDF /* StaticTableViewTests.m */ = {isa = PBXFileReference; lastKnownFileType = sourcecode.c.objc; path = StaticTableViewTests.m; sourceTree = "<group>"; };
		331F07CA18CEFBD100F68CDF /* SettingsViewController.h */ = {isa = PBXFileReference; fileEncoding = 4; lastKnownFileType = sourcecode.c.h; path = SettingsViewController.h; sourceTree = "<group>"; };
		331F07CB18CEFBD100F68CDF /* SettingsViewController.m */ = {isa = PBXFileReference; fileEncoding = 4; lastKnownFileType = sourcecode.c.objc; path = SettingsViewController.m; sourceTree = "<group>"; };
/* End PBXFileReference section */

/* Begin PBXFrameworksBuildPhase section */
		331F078C18CEF3F600F68CDF /* Frameworks */ = {
			isa = PBXFrameworksBuildPhase;
			buildActionMask = 2147483647;
			files = (
				331F079518CEF3F600F68CDF /* CoreGraphics.framework in Frameworks */,
				331F079718CEF3F600F68CDF /* UIKit.framework in Frameworks */,
				331F079318CEF3F600F68CDF /* Foundation.framework in Frameworks */,
			);
			runOnlyForDeploymentPostprocessing = 0;
		};
		331F07B018CEF3F600F68CDF /* Frameworks */ = {
			isa = PBXFrameworksBuildPhase;
			buildActionMask = 2147483647;
			files = (
				331F07B518CEF3F600F68CDF /* XCTest.framework in Frameworks */,
				331F07B718CEF3F600F68CDF /* UIKit.framework in Frameworks */,
				331F07B618CEF3F600F68CDF /* Foundation.framework in Frameworks */,
			);
			runOnlyForDeploymentPostprocessing = 0;
		};
/* End PBXFrameworksBuildPhase section */

/* Begin PBXGroup section */
		331F078618CEF3F600F68CDF = {
			isa = PBXGroup;
			children = (
				331F079818CEF3F600F68CDF /* StaticTableView */,
				331F07BA18CEF3F600F68CDF /* StaticTableViewTests */,
				331F079118CEF3F600F68CDF /* Frameworks */,
				331F079018CEF3F600F68CDF /* Products */,
			);
			sourceTree = "<group>";
		};
		331F079018CEF3F600F68CDF /* Products */ = {
			isa = PBXGroup;
			children = (
				331F078F18CEF3F600F68CDF /* StaticTableView.app */,
				331F07B318CEF3F600F68CDF /* StaticTableViewTests.xctest */,
			);
			name = Products;
			sourceTree = "<group>";
		};
		331F079118CEF3F600F68CDF /* Frameworks */ = {
			isa = PBXGroup;
			children = (
				331F079218CEF3F600F68CDF /* Foundation.framework */,
				331F079418CEF3F600F68CDF /* CoreGraphics.framework */,
				331F079618CEF3F600F68CDF /* UIKit.framework */,
				331F07B418CEF3F600F68CDF /* XCTest.framework */,
			);
			name = Frameworks;
			sourceTree = "<group>";
		};
		331F079818CEF3F600F68CDF /* StaticTableView */ = {
			isa = PBXGroup;
			children = (
				331F07A118CEF3F600F68CDF /* AppDelegate.h */,
				331F07CA18CEFBD100F68CDF /* SettingsViewController.h */,
				331F07CB18CEFBD100F68CDF /* SettingsViewController.m */,
				331F07A218CEF3F600F68CDF /* AppDelegate.m */,
				331F07A418CEF3F600F68CDF /* Main_iPhone.storyboard */,
				331F07A718CEF3F600F68CDF /* Main_iPad.storyboard */,
				331F07AA18CEF3F600F68CDF /* ViewController.h */,
				331F07AB18CEF3F600F68CDF /* ViewController.m */,
				331F07AD18CEF3F600F68CDF /* Images.xcassets */,
				331F079918CEF3F600F68CDF /* Supporting Files */,
			);
			path = StaticTableView;
			sourceTree = "<group>";
		};
		331F079918CEF3F600F68CDF /* Supporting Files */ = {
			isa = PBXGroup;
			children = (
				331F079A18CEF3F600F68CDF /* StaticTableView-Info.plist */,
				331F079B18CEF3F600F68CDF /* InfoPlist.strings */,
				331F079E18CEF3F600F68CDF /* main.m */,
				331F07A018CEF3F600F68CDF /* StaticTableView-Prefix.pch */,
			);
			name = "Supporting Files";
			sourceTree = "<group>";
		};
		331F07BA18CEF3F600F68CDF /* StaticTableViewTests */ = {
			isa = PBXGroup;
			children = (
				331F07C018CEF3F600F68CDF /* StaticTableViewTests.m */,
				331F07BB18CEF3F600F68CDF /* Supporting Files */,
			);
			path = StaticTableViewTests;
			sourceTree = "<group>";
		};
		331F07BB18CEF3F600F68CDF /* Supporting Files */ = {
			isa = PBXGroup;
			children = (
				331F07BC18CEF3F600F68CDF /* StaticTableViewTests-Info.plist */,
				331F07BD18CEF3F600F68CDF /* InfoPlist.strings */,
			);
			name = "Supporting Files";
			sourceTree = "<group>";
		};
/* End PBXGroup section */

/* Begin PBXNativeTarget section */
		331F078E18CEF3F600F68CDF /* StaticTableView */ = {
			isa = PBXNativeTarget;
			buildConfigurationList = 331F07C418CEF3F600F68CDF /* Build configuration list for PBXNativeTarget "StaticTableView" */;
			buildPhases = (
				331F078B18CEF3F600F68CDF /* Sources */,
				331F078C18CEF3F600F68CDF /* Frameworks */,
				331F078D18CEF3F600F68CDF /* Resources */,
			);
			buildRules = (
			);
			dependencies = (
			);
			name = StaticTableView;
			productName = StaticTableView;
			productReference = 331F078F18CEF3F600F68CDF /* StaticTableView.app */;
			productType = "com.apple.product-type.application";
		};
		331F07B218CEF3F600F68CDF /* StaticTableViewTests */ = {
			isa = PBXNativeTarget;
			buildConfigurationList = 331F07C718CEF3F600F68CDF /* Build configuration list for PBXNativeTarget "StaticTableViewTests" */;
			buildPhases = (
				331F07AF18CEF3F600F68CDF /* Sources */,
				331F07B018CEF3F600F68CDF /* Frameworks */,
				331F07B118CEF3F600F68CDF /* Resources */,
			);
			buildRules = (
			);
			dependencies = (
				331F07B918CEF3F600F68CDF /* PBXTargetDependency */,
			);
			name = StaticTableViewTests;
			productName = StaticTableViewTests;
			productReference = 331F07B318CEF3F600F68CDF /* StaticTableViewTests.xctest */;
			productType = "com.apple.product-type.bundle.unit-test";
		};
/* End PBXNativeTarget section */

/* Begin PBXProject section */
		331F078718CEF3F600F68CDF /* Project object */ = {
			isa = PBXProject;
			attributes = {
				LastUpgradeCheck = 0500;
				ORGANIZATIONNAME = demo;
				TargetAttributes = {
					331F07B218CEF3F600F68CDF = {
						TestTargetID = 331F078E18CEF3F600F68CDF;
					};
				};
			};
			buildConfigurationList = 331F078A18CEF3F600F68CDF /* Build configuration list for PBXProject "StaticTableView" */;
			compatibilityVersion = "Xcode 3.2";
			developmentRegion = English;
			hasScannedForEncodings = 0;
			knownRegions = (
				en,
				Base,
			);
			mainGroup = 331F078618CEF3F600F68CDF;
			productRefGroup = 331F079018CEF3F600F68CDF /* Products */;
			projectDirPath = "";
			projectRoot = "";
			targets = (
				331F078E18CEF3F600F68CDF /* StaticTableView */,
				331F07B218CEF3F600F68CDF /* StaticTableViewTests */,
			);
		};
/* End PBXProject section */

/* Begin PBXResourcesBuildPhase section */
		331F078D18CEF3F600F68CDF /* Resources */ = {
			isa = PBXResourcesBuildPhase;
			buildActionMask = 2147483647;
			files = (
				331F07A918CEF3F600F68CDF /* Main_iPad.storyboard in Resources */,
				331F07AE18CEF3F600F68CDF /* Images.xcassets in Resources */,
				331F07A618CEF3F600F68CDF /* Main_iPhone.storyboard in Resources */,
				331F079D18CEF3F600F68CDF /* InfoPlist.strings in Resources */,
			);
			runOnlyForDeploymentPostprocessing = 0;
		};
		331F07B118CEF3F600F68CDF /* Resources */ = {
			isa = PBXResourcesBuildPhase;
			buildActionMask = 2147483647;
			files = (
				331F07BF18CEF3F600F68CDF /* InfoPlist.strings in Resources */,
			);
			runOnlyForDeploymentPostprocessing = 0;
		};
/* End PBXResourcesBuildPhase section */

/* Begin PBXSourcesBuildPhase section */
		331F078B18CEF3F600F68CDF /* Sources */ = {
			isa = PBXSourcesBuildPhase;
			buildActionMask = 2147483647;
			files = (
				331F07AC18CEF3F600F68CDF /* ViewController.m in Sources */,
				331F07A318CEF3F600F68CDF /* AppDelegate.m in Sources */,
				331F079F18CEF3F600F68CDF /* main.m in Sources */,
				331F07CC18CEFBD100F68CDF /* SettingsViewController.m in Sources */,
			);
			runOnlyForDeploymentPostprocessing = 0;
		};
		331F07AF18CEF3F600F68CDF /* Sources */ = {
			isa = PBXSourcesBuildPhase;
			buildActionMask = 2147483647;
			files = (
				331F07C118CEF3F600F68CDF /* StaticTableViewTests.m in Sources */,
			);
			runOnlyForDeploymentPostprocessing = 0;
		};
/* End PBXSourcesBuildPhase section */

/* Begin PBXTargetDependency section */
		331F07B918CEF3F600F68CDF /* PBXTargetDependency */ = {
			isa = PBXTargetDependency;
			target = 331F078E18CEF3F600F68CDF /* StaticTableView */;
			targetProxy = 331F07B818CEF3F600F68CDF /* PBXContainerItemProxy */;
		};
/* End PBXTargetDependency section */

/* Begin PBXVariantGroup section */
		331F079B18CEF3F600F68CDF /* InfoPlist.strings */ = {
			isa = PBXVariantGroup;
			children = (
				331F079C18CEF3F600F68CDF /* en */,
			);
			name = InfoPlist.strings;
			sourceTree = "<group>";
		};
		331F07A418CEF3F600F68CDF /* Main_iPhone.storyboard */ = {
			isa = PBXVariantGroup;
			children = (
				331F07A518CEF3F600F68CDF /* Base */,
			);
			name = Main_iPhone.storyboard;
			sourceTree = "<group>";
		};
		331F07A718CEF3F600F68CDF /* Main_iPad.storyboard */ = {
			isa = PBXVariantGroup;
			children = (
				331F07A818CEF3F600F68CDF /* Base */,
			);
			name = Main_iPad.storyboard;
			sourceTree = "<group>";
		};
		331F07BD18CEF3F600F68CDF /* InfoPlist.strings */ = {
			isa = PBXVariantGroup;
			children = (
				331F07BE18CEF3F600F68CDF /* en */,
			);
			name = InfoPlist.strings;
			sourceTree = "<group>";
		};
/* End PBXVariantGroup section */

/* Begin XCBuildConfiguration section */
		331F07C218CEF3F600F68CDF /* Debug */ = {
			isa = XCBuildConfiguration;
			buildSettings = {
				ALWAYS_SEARCH_USER_PATHS = NO;
				ARCHS = "$(ARCHS_STANDARD_INCLUDING_64_BIT)";
				CLANG_CXX_LANGUAGE_STANDARD = "gnu++0x";
				CLANG_CXX_LIBRARY = "libc++";
				CLANG_ENABLE_MODULES = YES;
				CLANG_ENABLE_OBJC_ARC = YES;
				CLANG_WARN_BOOL_CONVERSION = YES;
				CLANG_WARN_CONSTANT_CONVERSION = YES;
				CLANG_WARN_DIRECT_OBJC_ISA_USAGE = YES_ERROR;
				CLANG_WARN_EMPTY_BODY = YES;
				CLANG_WARN_ENUM_CONVERSION = YES;
				CLANG_WARN_INT_CONVERSION = YES;
				CLANG_WARN_OBJC_ROOT_CLASS = YES_ERROR;
				CLANG_WARN__DUPLICATE_METHOD_MATCH = YES;
				"CODE_SIGN_IDENTITY[sdk=iphoneos*]" = "iPhone Developer";
				COPY_PHASE_STRIP = NO;
				GCC_C_LANGUAGE_STANDARD = gnu99;
				GCC_DYNAMIC_NO_PIC = NO;
				GCC_OPTIMIZATION_LEVEL = 0;
				GCC_PREPROCESSOR_DEFINITIONS = (
					"DEBUG=1",
					"$(inherited)",
				);
				GCC_SYMBOLS_PRIVATE_EXTERN = NO;
				GCC_WARN_64_TO_32_BIT_CONVERSION = YES;
				GCC_WARN_ABOUT_RETURN_TYPE = YES_ERROR;
				GCC_WARN_UNDECLARED_SELECTOR = YES;
				GCC_WARN_UNINITIALIZED_AUTOS = YES;
				GCC_WARN_UNUSED_FUNCTION = YES;
				GCC_WARN_UNUSED_VARIABLE = YES;
				IPHONEOS_DEPLOYMENT_TARGET = 7.0;
				ONLY_ACTIVE_ARCH = YES;
				SDKROOT = iphoneos;
				TARGETED_DEVICE_FAMILY = "1,2";
			};
			name = Debug;
		};
		331F07C318CEF3F600F68CDF /* Release */ = {
			isa = XCBuildConfiguration;
			buildSettings = {
				ALWAYS_SEARCH_USER_PATHS = NO;
				ARCHS = "$(ARCHS_STANDARD_INCLUDING_64_BIT)";
				CLANG_CXX_LANGUAGE_STANDARD = "gnu++0x";
				CLANG_CXX_LIBRARY = "libc++";
				CLANG_ENABLE_MODULES = YES;
				CLANG_ENABLE_OBJC_ARC = YES;
				CLANG_WARN_BOOL_CONVERSION = YES;
				CLANG_WARN_CONSTANT_CONVERSION = YES;
				CLANG_WARN_DIRECT_OBJC_ISA_USAGE = YES_ERROR;
				CLANG_WARN_EMPTY_BODY = YES;
				CLANG_WARN_ENUM_CONVERSION = YES;
				CLANG_WARN_INT_CONVERSION = YES;
				CLANG_WARN_OBJC_ROOT_CLASS = YES_ERROR;
				CLANG_WARN__DUPLICATE_METHOD_MATCH = YES;
				"CODE_SIGN_IDENTITY[sdk=iphoneos*]" = "iPhone Developer";
				COPY_PHASE_STRIP = YES;
				ENABLE_NS_ASSERTIONS = NO;
				GCC_C_LANGUAGE_STANDARD = gnu99;
				GCC_WARN_64_TO_32_BIT_CONVERSION = YES;
				GCC_WARN_ABOUT_RETURN_TYPE = YES_ERROR;
				GCC_WARN_UNDECLARED_SELECTOR = YES;
				GCC_WARN_UNINITIALIZED_AUTOS = YES;
				GCC_WARN_UNUSED_FUNCTION = YES;
				GCC_WARN_UNUSED_VARIABLE = YES;
				IPHONEOS_DEPLOYMENT_TARGET = 7.0;
				SDKROOT = iphoneos;
				TARGETED_DEVICE_FAMILY = "1,2";
				VALIDATE_PRODUCT = YES;
			};
			name = Release;
		};
		331F07C518CEF3F600F68CDF /* Debug */ = {
			isa = XCBuildConfiguration;
			buildSettings = {
				ASSETCATALOG_COMPILER_APPICON_NAME = AppIcon;
				ASSETCATALOG_COMPILER_LAUNCHIMAGE_NAME = LaunchImage;
				GCC_PRECOMPILE_PREFIX_HEADER = YES;
				GCC_PREFIX_HEADER = "StaticTableView/StaticTableView-Prefix.pch";
				INFOPLIST_FILE = "StaticTableView/StaticTableView-Info.plist";
				PRODUCT_NAME = "$(TARGET_NAME)";
				WRAPPER_EXTENSION = app;
			};
			name = Debug;
		};
		331F07C618CEF3F600F68CDF /* Release */ = {
			isa = XCBuildConfiguration;
			buildSettings = {
				ASSETCATALOG_COMPILER_APPICON_NAME = AppIcon;
				ASSETCATALOG_COMPILER_LAUNCHIMAGE_NAME = LaunchImage;
				GCC_PRECOMPILE_PREFIX_HEADER = YES;
				GCC_PREFIX_HEADER = "StaticTableView/StaticTableView-Prefix.pch";
				INFOPLIST_FILE = "StaticTableView/StaticTableView-Info.plist";
				PRODUCT_NAME = "$(TARGET_NAME)";
				WRAPPER_EXTENSION = app;
			};
			name = Release;
		};
		331F07C818CEF3F600F68CDF /* Debug */ = {
			isa = XCBuildConfiguration;
			buildSettings = {
				ARCHS = "$(ARCHS_STANDARD_INCLUDING_64_BIT)";
				BUNDLE_LOADER = "$(BUILT_PRODUCTS_DIR)/StaticTableView.app/StaticTableView";
				FRAMEWORK_SEARCH_PATHS = (
					"$(SDKROOT)/Developer/Library/Frameworks",
					"$(inherited)",
					"$(DEVELOPER_FRAMEWORKS_DIR)",
				);
				GCC_PRECOMPILE_PREFIX_HEADER = YES;
				GCC_PREFIX_HEADER = "StaticTableView/StaticTableView-Prefix.pch";
				GCC_PREPROCESSOR_DEFINITIONS = (
					"DEBUG=1",
					"$(inherited)",
				);
				INFOPLIST_FILE = "StaticTableViewTests/StaticTableViewTests-Info.plist";
				PRODUCT_NAME = "$(TARGET_NAME)";
				TEST_HOST = "$(BUNDLE_LOADER)";
				WRAPPER_EXTENSION = xctest;
			};
			name = Debug;
		};
		331F07C918CEF3F600F68CDF /* Release */ = {
			isa = XCBuildConfiguration;
			buildSettings = {
				ARCHS = "$(ARCHS_STANDARD_INCLUDING_64_BIT)";
				BUNDLE_LOADER = "$(BUILT_PRODUCTS_DIR)/StaticTableView.app/StaticTableView";
				FRAMEWORK_SEARCH_PATHS = (
					"$(SDKROOT)/Developer/Library/Frameworks",
					"$(inherited)",
					"$(DEVELOPER_FRAMEWORKS_DIR)",
				);
				GCC_PRECOMPILE_PREFIX_HEADER = YES;
				GCC_PREFIX_HEADER = "StaticTableView/StaticTableView-Prefix.pch";
				INFOPLIST_FILE = "StaticTableViewTests/StaticTableViewTests-Info.plist";
				PRODUCT_NAME = "$(TARGET_NAME)";
				TEST_HOST = "$(BUNDLE_LOADER)";
				WRAPPER_EXTENSION = xctest;
			};
			name = Release;
		};
/* End XCBuildConfiguration section */

/* Begin XCConfigurationList section */
		331F078A18CEF3F600F68CDF /* Build configuration list for PBXProject "StaticTableView" */ = {
			isa = XCConfigurationList;
			buildConfigurations = (
				331F07C218CEF3F600F68CDF /* Debug */,
				331F07C318CEF3F600F68CDF /* Release */,
			);
			defaultConfigurationIsVisible = 0;
			defaultConfigurationName = Release;
		};
		331F07C418CEF3F600F68CDF /* Build configuration list for PBXNativeTarget "StaticTableView" */ = {
			isa = XCConfigurationList;
			buildConfigurations = (
				331F07C518CEF3F600F68CDF /* Debug */,
				331F07C618CEF3F600F68CDF /* Release */,
			);
			defaultConfigurationIsVisible = 0;
		};
		331F07C718CEF3F600F68CDF /* Build configuration list for PBXNativeTarget "StaticTableViewTests" */ = {
			isa = XCConfigurationList;
			buildConfigurations = (
				331F07C818CEF3F600F68CDF /* Debug */,
				331F07C918CEF3F600F68CDF /* Release */,
			);
			defaultConfigurationIsVisible = 0;
		};
/* End XCConfigurationList section */
	};
	rootObject = 331F078718CEF3F600F68CDF /* Project object */;
}
